{
  "nodes": {
    "manager": {
      "flake": false,
      "locked": {
        "lastModified": 1785692984,
        "narHash": "sha256-OhQlLuVIPzVELwqi5NLCrmdaPNHOPgVwPeAemqbf/qI=",
        "ref": "refs/heads/main",
        "rev": "f8235a0a4832420c93cf58ca0da793b2f2c9fa63",
        "revCount": 53,
        "type": "git",
        "url": "https://github.com/selfprivacy-over-alternative-nets/Manager-Ubuntu-SelfPrivacy-Over-alternative-nets.git"
      },
      "original": {
        "type": "git",
        "url": "https://github.com/selfprivacy-over-alternative-nets/Manager-Ubuntu-SelfPrivacy-Over-alternative-nets.git"
      }
    },
    "nixpkgs": {
      "locked": {
        "lastModified": 1785599192,
        "narHash": "sha256-dg4RTtDxnXY13UkJNdhmgTUTl0n/IJBlCigfO7nutZw=",
        "owner": "NixOS",
        "repo": "nixpkgs",
        "rev": "6d65bfc1bcef2ef39a239d38e577e92a89fb0f07",
        "type": "github"
      },
      "original": {
        "owner": "NixOS",
        "ref": "nixos-26.05",
        "repo": "nixpkgs",
        "type": "github"
      }
    },
    "nixpkgs_2": {
      "locked": {
        "lastModified": 1784011430,
        "narHash": "sha256-lDebytrYdd47IBLwvNOD+6AGeoqZ78CIKlp70hzW280=",
        "owner": "NixOS",
        "repo": "nixpkgs",
        "rev": "8eeec934ae0dbeca3d7868c059568a65c08b2fc3",
        "type": "github"
      },
      "original": {
        "owner": "NixOS",
        "ref": "nixos-26.05",
        "repo": "nixpkgs",
        "type": "github"
      }
    },
    "root": {
      "inputs": {
        "manager": "manager",
        "nixpkgs": "nixpkgs",
        "selfprivacy-api": "selfprivacy-api"
      }
    },
    "selfprivacy-api": {
      "inputs": {
        "nixpkgs": "nixpkgs_2"
      },
      "locked": {
        "lastModified": 1785695390,
        "narHash": "sha256-okGfCQxjzn0Ghn09klD/OpLm0nwxITe3Gi1sjwrUKgE=",
        "ref": "tor-support",
        "rev": "f690f70f12aed993235d384b08132117321947b3",
        "revCount": 2031,
        "type": "git",
        "url": "https://github.com/selfprivacy-over-alternative-nets/selfprivacy-api.git"
      },
      "original": {
        "ref": "tor-support",
        "type": "git",
        "url": "https://github.com/selfprivacy-over-alternative-nets/selfprivacy-api.git"
      }
    }
  },
  "root": "root",
  "version": 7
}
